// !$*UTF8*$!
{
	archiveVersion = 1;
	classes = {
	};
	objectVersion = 77;
	objects = {

/* Begin PBXBuildFile section */
		3AA8BF752CE5D9B300B61608 /* SDWebImage in Frameworks */ = {isa = PBXBuildFile; productRef = 3AA8BF742CE5D9B300B61608 /* SDWebImage */; };
/* End PBXBuildFile section */

/* Begin PBXContainerItemProxy section */
		3AA8BF522CE5D87E00B61608 /* PBXContainerItemProxy */ = {
			isa = PBXContainerItemProxy;
			containerPortal = 3AA8BF332CE5D87C00B61608 /* Project object */;
			proxyType = 1;
			remoteGlobalIDString = 3AA8BF3A2CE5D87C00B61608;
			remoteInfo = JustNews;
		};
		3AA8BF5C2CE5D87E00B61608 /* PBXContainerItemProxy */ = {
			isa = PBXContainerItemProxy;
			containerPortal = 3AA8BF332CE5D87C00B61608 /* Project object */;
			proxyType = 1;
			remoteGlobalIDString = 3AA8BF3A2CE5D87C00B61608;
			remoteInfo = JustNews;
		};
/* End PBXContainerItemProxy section */

/* Begin PBXFileReference section */
		3AA8BF3B2CE5D87C00B61608 /* JustNews.app */ = {isa = PBXFileReference; explicitFileType = wrapper.application; includeInIndex = 0; path = JustNews.app; sourceTree = BUILT_PRODUCTS_DIR; };
		3AA8BF512CE5D87E00B61608 /* JustNewsTests.xctest */ = {isa = PBXFileReference; explicitFileType = wrapper.cfbundle; includeInIndex = 0; path = JustNewsTests.xctest; sourceTree = BUILT_PRODUCTS_DIR; };
		3AA8BF5B2CE5D87E00B61608 /* JustNewsUITests.xctest */ = {isa = PBXFileReference; explicitFileType = wrapper.cfbundle; includeInIndex = 0; path = JustNewsUITests.xctest; sourceTree = BUILT_PRODUCTS_DIR; };
/* End PBXFileReference section */

/* Begin PBXFileSystemSynchronizedBuildFileExceptionSet section */
		3AA8C0092CE5E1D700B61608 /* Exceptions for "JustNews" folder in "JustNews" target */ = {
			isa = PBXFileSystemSynchronizedBuildFileExceptionSet;
			membershipExceptions = (
				Info.plist,
			);
			target = 3AA8BF3A2CE5D87C00B61608 /* JustNews */;
		};
/* End PBXFileSystemSynchronizedBuildFileExceptionSet section */

/* Begin PBXFileSystemSynchronizedRootGroup section */
		3AA8BF542CE5D87E00B61608 /* JustNewsTests */ = {
			isa = PBXFileSystemSynchronizedRootGroup;
			path = JustNewsTests;
			sourceTree = "<group>";
		};
		3AA8BF5E2CE5D87E00B61608 /* JustNewsUITests */ = {
			isa = PBXFileSystemSynchronizedRootGroup;
			path = JustNewsUITests;
			sourceTree = "<group>";
		};
		3AA8BFF72CE5E1D600B61608 /* JustNews */ = {
			isa = PBXFileSystemSynchronizedRootGroup;
			exceptions = (
				3AA8C0092CE5E1D700B61608 /* Exceptions for "JustNews" folder in "JustNews" target */,
			);
			path = JustNews;
			sourceTree = "<group>";
		};
/* End PBXFileSystemSynchronizedRootGroup section */

/* Begin PBXFrameworksBuildPhase section */
		3AA8BF382CE5D87C00B61608 /* Frameworks */ = {
			isa = PBXFrameworksBuildPhase;
			buildActionMask = 2147483647;
			files = (
				3AA8BF752CE5D9B300B61608 /* SDWebImage in Frameworks */,
			);
			runOnlyForDeploymentPostprocessing = 0;
		};
		3AA8BF4E2CE5D87E00B61608 /* Frameworks */ = {
			isa = PBXFrameworksBuildPhase;
			buildActionMask = 2147483647;
			files = (
			);
			runOnlyForDeploymentPostprocessing = 0;
		};
		3AA8BF582CE5D87E00B61608 /* Frameworks */ = {
			isa = PBXFrameworksBuildPhase;
			buildActionMask = 2147483647;
			files = (
			);
			runOnlyForDeploymentPostprocessing = 0;
		};
/* End PBXFrameworksBuildPhase section */

/* Begin PBXGroup section */
		3AA8BF322CE5D87C00B61608 = {
			isa = PBXGroup;
			children = (
				3AA8BFF72CE5E1D600B61608 /* JustNews */,
				3AA8BF542CE5D87E00B61608 /* JustNewsTests */,
				3AA8BF5E2CE5D87E00B61608 /* JustNewsUITests */,
				3AA8BF3C2CE5D87C00B61608 /* Products */,
			);
			sourceTree = "<group>";
		};
		3AA8BF3C2CE5D87C00B61608 /* Products */ = {
			isa = PBXGroup;
			children = (
				3AA8BF3B2CE5D87C00B61608 /* JustNews.app */,
				3AA8BF512CE5D87E00B61608 /* JustNewsTests.xctest */,
				3AA8BF5B2CE5D87E00B61608 /* JustNewsUITests.xctest */,
			);
			name = Products;
			sourceTree = "<group>";
		};
/* End PBXGroup section */

/* Begin PBXNativeTarget section */
		3AA8BF3A2CE5D87C00B61608 /* JustNews */ = {
			isa = PBXNativeTarget;
			buildConfigurationList = 3AA8BF642CE5D87E00B61608 /* Build configuration list for PBXNativeTarget "JustNews" */;
			buildPhases = (
				3AA8BF372CE5D87C00B61608 /* Sources */,
				3AA8BF382CE5D87C00B61608 /* Frameworks */,
				3AA8BF392CE5D87C00B61608 /* Resources */,
			);
			buildRules = (
			);
			dependencies = (
			);
			fileSystemSynchronizedGroups = (
				3AA8BFF72CE5E1D600B61608 /* JustNews */,
			);
			name = JustNews;
			packageProductDependencies = (
				3AA8BF742CE5D9B300B61608 /* SDWebImage */,
			);
			productName = JustNews;
			productReference = 3AA8BF3B2CE5D87C00B61608 /* JustNews.app */;
			productType = "com.apple.product-type.application";
		};
		3AA8BF502CE5D87E00B61608 /* JustNewsTests */ = {
			isa = PBXNativeTarget;
			buildConfigurationList = 3AA8BF692CE5D87E00B61608 /* Build configuration list for PBXNativeTarget "JustNewsTests" */;
			buildPhases = (
				3AA8BF4D2CE5D87E00B61608 /* Sources */,
				3AA8BF4E2CE5D87E00B61608 /* Frameworks */,
				3AA8BF4F2CE5D87E00B61608 /* Resources */,
			);
			buildRules = (
			);
			dependencies = (
				3AA8BF532CE5D87E00B61608 /* PBXTargetDependency */,
			);
			fileSystemSynchronizedGroups = (
				3AA8BF542CE5D87E00B61608 /* JustNewsTests */,
			);
			name = JustNewsTests;
			packageProductDependencies = (
			);
			productName = JustNewsTests;
			productReference = 3AA8BF512CE5D87E00B61608 /* JustNewsTests.xctest */;
			productType = "com.apple.product-type.bundle.unit-test";
		};
		3AA8BF5A2CE5D87E00B61608 /* JustNewsUITests */ = {
			isa = PBXNativeTarget;
			buildConfigurationList = 3AA8BF6C2CE5D87E00B61608 /* Build configuration list for PBXNativeTarget "JustNewsUITests" */;
			buildPhases = (
				3AA8BF572CE5D87E00B61608 /* Sources */,
				3AA8BF582CE5D87E00B61608 /* Frameworks */,
				3AA8BF592CE5D87E00B61608 /* Resources */,
			);
			buildRules = (
			);
			dependencies = (
				3AA8BF5D2CE5D87E00B61608 /* PBXTargetDependency */,
			);
			fileSystemSynchronizedGroups = (
				3AA8BF5E2CE5D87E00B61608 /* JustNewsUITests */,
			);
			name = JustNewsUITests;
			packageProductDependencies = (
			);
			productName = JustNewsUITests;
			productReference = 3AA8BF5B2CE5D87E00B61608 /* JustNewsUITests.xctest */;
			productType = "com.apple.product-type.bundle.ui-testing";
		};
/* End PBXNativeTarget section */

/* Begin PBXProject section */
		3AA8BF332CE5D87C00B61608 /* Project object */ = {
			isa = PBXProject;
			attributes = {
				BuildIndependentTargetsInParallel = 1;
				LastSwiftUpdateCheck = 1610;
				LastUpgradeCheck = 1610;
				TargetAttributes = {
					3AA8BF3A2CE5D87C00B61608 = {
						CreatedOnToolsVersion = 16.1;
					};
					3AA8BF502CE5D87E00B61608 = {
						CreatedOnToolsVersion = 16.1;
						TestTargetID = 3AA8BF3A2CE5D87C00B61608;
					};
					3AA8BF5A2CE5D87E00B61608 = {
						CreatedOnToolsVersion = 16.1;
						TestTargetID = 3AA8BF3A2CE5D87C00B61608;
					};
				};
			};
			buildConfigurationList = 3AA8BF362CE5D87C00B61608 /* Build configuration list for PBXProject "JustNews" */;
			developmentRegion = en;
			hasScannedForEncodings = 0;
			knownRegions = (
				en,
				Base,
			);
			mainGroup = 3AA8BF322CE5D87C00B61608;
			minimizedProjectReferenceProxies = 1;
			packageReferences = (
				3AA8BF732CE5D9B300B61608 /* XCRemoteSwiftPackageReference "SDWebImage" */,
			);
			preferredProjectObjectVersion = 77;
			productRefGroup = 3AA8BF3C2CE5D87C00B61608 /* Products */;
			projectDirPath = "";
			projectRoot = "";
			targets = (
				3AA8BF3A2CE5D87C00B61608 /* JustNews */,
				3AA8BF502CE5D87E00B61608 /* JustNewsTests */,
				3AA8BF5A2CE5D87E00B61608 /* JustNewsUITests */,
			);
		};
/* End PBXProject section */

/* Begin PBXResourcesBuildPhase section */
		3AA8BF392CE5D87C00B61608 /* Resources */ = {
			isa = PBXResourcesBuildPhase;
			buildActionMask = 2147483647;
			files = (
			);
			runOnlyForDeploymentPostprocessing = 0;
		};
		3AA8BF4F2CE5D87E00B61608 /* Resources */ = {
			isa = PBXResourcesBuildPhase;
			buildActionMask = 2147483647;
			files = (
			);
			runOnlyForDeploymentPostprocessing = 0;
		};
		3AA8BF592CE5D87E00B61608 /* Resources */ = {
			isa = PBXResourcesBuildPhase;
			buildActionMask = 2147483647;
			files = (
			);
			runOnlyForDeploymentPostprocessing = 0;
		};
/* End PBXResourcesBuildPhase section */

/* Begin PBXSourcesBuildPhase section */
		3AA8BF372CE5D87C00B61608 /* Sources */ = {
			isa = PBXSourcesBuildPhase;
			buildActionMask = 2147483647;
			files = (
			);
			runOnlyForDeploymentPostprocessing = 0;
		};
		3AA8BF4D2CE5D87E00B61608 /* Sources */ = {
			isa = PBXSourcesBuildPhase;
			buildActionMask = 2147483647;
			files = (
			);
			runOnlyForDeploymentPostprocessing = 0;
		};
		3AA8BF572CE5D87E00B61608 /* Sources */ = {
			isa = PBXSourcesBuildPhase;
			buildActionMask = 2147483647;
			files = (
			);
			runOnlyForDeploymentPostprocessing = 0;
		};
/* End PBXSourcesBuildPhase section */

/* Begin PBXTargetDependency section */
		3AA8BF532CE5D87E00B61608 /* PBXTargetDependency */ = {
			isa = PBXTargetDependency;
			target = 3AA8BF3A2CE5D87C00B61608 /* JustNews */;
			targetProxy = 3AA8BF522CE5D87E00B61608 /* PBXContainerItemProxy */;
		};
		3AA8BF5D2CE5D87E00B61608 /* PBXTargetDependency */ = {
			isa = PBXTargetDependency;
			target = 3AA8BF3A2CE5D87C00B61608 /* JustNews */;
			targetProxy = 3AA8BF5C2CE5D87E00B61608 /* PBXContainerItemProxy */;
		};
/* End PBXTargetDependency section */

/* Begin XCBuildConfiguration section */
		3AA8BF652CE5D87E00B61608 /* Debug */ = {
			isa = XCBuildConfiguration;
			buildSettings = {
				ASSETCATALOG_COMPILER_APPICON_NAME = AppIcon;
				ASSETCATALOG_COMPILER_GLOBAL_ACCENT_COLOR_NAME = AccentColor;
				CODE_SIGN_STYLE = Automatic;
				CURRENT_PROJECT_VERSION = 1;
				GENERATE_INFOPLIST_FILE = YES;
				INFOPLIST_FILE = JustNews/Info.plist;
				INFOPLIST_KEY_UIApplicationSupportsIndirectInputEvents = YES;
				INFOPLIST_KEY_UILaunchStoryboardName = LaunchScreen;
				INFOPLIST_KEY_UISupportedInterfaceOrientations_iPad = "UIInterfaceOrientationPortrait UIInterfaceOrientationPortraitUpsideDown UIInterfaceOrientationLandscapeLeft UIInterfaceOrientationLandscapeRight";
				INFOPLIST_KEY_UISupportedInterfaceOrientations_iPhone = "UIInterfaceOrientationPortrait UIInterfaceOrientationLandscapeLeft UIInterfaceOrientationLandscapeRight";
				IPHONEOS_DEPLOYMENT_TARGET = 18;
				LD_RUNPATH_SEARCH_PATHS = (
					"$(inherited)",
					"@executable_path/Frameworks",
				);
				MARKETING_VERSION = 1.0;
				PRODUCT_BUNDLE_IDENTIFIER = com.example.JustNews;
				PRODUCT_NAME = "$(TARGET_NAME)";
				SUPPORTED_PLATFORMS = "iphoneos iphonesimulator";
				SUPPORTS_MACCATALYST = NO;
				SUPPORTS_MAC_DESIGNED_FOR_IPHONE_IPAD = NO;
				SUPPORTS_XR_DESIGNED_FOR_IPHONE_IPAD = NO;
				SWIFT_EMIT_LOC_STRINGS = YES;
				SWIFT_VERSION = 5.0;
				TARGETED_DEVICE_FAMILY = 1;
			};
			name = Debug;
		};
		3AA8BF662CE5D87E00B61608 /* Release */ = {
			isa = XCBuildConfiguration;
			buildSettings = {
				ASSETCATALOG_COMPILER_APPICON_NAME = AppIcon;
				ASSETCATALOG_COMPILER_GLOBAL_ACCENT_COLOR_NAME = AccentColor;
				CODE_SIGN_STYLE = Automatic;
				CURRENT_PROJECT_VERSION = 1;
				GENERATE_INFOPLIST_FILE = YES;
				INFOPLIST_FILE = JustNews/Info.plist;
				INFOPLIST_KEY_UIApplicationSupportsIndirectInputEvents = YES;
				INFOPLIST_KEY_UILaunchStoryboardName = LaunchScreen;
				INFOPLIST_KEY_UISupportedInterfaceOrientations_iPad = "UIInterfaceOrientationPortrait UIInterfaceOrientationPortraitUpsideDown UIInterfaceOrientationLandscapeLeft UIInterfaceOrientationLandscapeRight";
				INFOPLIST_KEY_UISupportedInterfaceOrientations_iPhone = "UIInterfaceOrientationPortrait UIInterfaceOrientationLandscapeLeft UIInterfaceOrientationLandscapeRight";
				IPHONEOS_DEPLOYMENT_TARGET = 18;
				LD_RUNPATH_SEARCH_PATHS = (
					"$(inherited)",
					"@executable_path/Frameworks",
				);
				MARKETING_VERSION = 1.0;
				PRODUCT_BUNDLE_IDENTIFIER = com.example.JustNews;
				PRODUCT_NAME = "$(TARGET_NAME)";
				SUPPORTED_PLATFORMS = "iphoneos iphonesimulator";
				SUPPORTS_MACCATALYST = NO;
				SUPPORTS_MAC_DESIGNED_FOR_IPHONE_IPAD = NO;
				SUPPORTS_XR_DESIGNED_FOR_IPHONE_IPAD = NO;
				SWIFT_EMIT_LOC_STRINGS = YES;
				SWIFT_VERSION = 5.0;
				TARGETED_DEVICE_FAMILY = 1;
			};
			name = Release;
		};
		3AA8BF672CE5D87E00B61608 /* Debug */ = {
			isa = XCBuildConfiguration;
			buildSettings = {
				ALWAYS_SEARCH_USER_PATHS = NO;
				ASSETCATALOG_COMPILER_GENERATE_SWIFT_ASSET_SYMBOL_EXTENSIONS = YES;
				CLANG_ANALYZER_NONNULL = YES;
				CLANG_ANALYZER_NUMBER_OBJECT_CONVERSION = YES_AGGRESSIVE;
				CLANG_CXX_LANGUAGE_STANDARD = "gnu++20";
				CLANG_ENABLE_MODULES = YES;
				CLANG_ENABLE_OBJC_ARC = YES;
				CLANG_ENABLE_OBJC_WEAK = YES;
				CLANG_WARN_BLOCK_CAPTURE_AUTORELEASING = YES;
				CLANG_WARN_BOOL_CONVERSION = YES;
				CLANG_WARN_COMMA = YES;
				CLANG_WARN_CONSTANT_CONVERSION = YES;
				CLANG_WARN_DEPRECATED_OBJC_IMPLEMENTATIONS = YES;
				CLANG_WARN_DIRECT_OBJC_ISA_USAGE = YES_ERROR;
				CLANG_WARN_DOCUMENTATION_COMMENTS = YES;
				CLANG_WARN_EMPTY_BODY = YES;
				CLANG_WARN_ENUM_CONVERSION = YES;
				CLANG_WARN_INFINITE_RECURSION = YES;
				CLANG_WARN_INT_CONVERSION = YES;
				CLANG_WARN_NON_LITERAL_NULL_CONVERSION = YES;
				CLANG_WARN_OBJC_IMPLICIT_RETAIN_SELF = YES;
				CLANG_WARN_OBJC_LITERAL_CONVERSION = YES;
				CLANG_WARN_OBJC_ROOT_CLASS = YES_ERROR;
				CLANG_WARN_QUOTED_INCLUDE_IN_FRAMEWORK_HEADER = YES;
				CLANG_WARN_RANGE_LOOP_ANALYSIS = YES;
				CLANG_WARN_STRICT_PROTOTYPES = YES;
				CLANG_WARN_SUSPICIOUS_MOVE = YES;
				CLANG_WARN_UNGUARDED_AVAILABILITY = YES_AGGRESSIVE;
				CLANG_WARN_UNREACHABLE_CODE = YES;
				CLANG_WARN__DUPLICATE_METHOD_MATCH = YES;
				COPY_PHASE_STRIP = NO;
				DEBUG_INFORMATION_FORMAT = dwarf;
				ENABLE_STRICT_OBJC_MSGSEND = YES;
				ENABLE_TESTABILITY = YES;
				ENABLE_USER_SCRIPT_SANDBOXING = YES;
				GCC_C_LANGUAGE_STANDARD = gnu17;
				GCC_DYNAMIC_NO_PIC = NO;
				GCC_NO_COMMON_BLOCKS = YES;
				GCC_OPTIMIZATION_LEVEL = 0;
				GCC_PREPROCESSOR_DEFINITIONS = (
					"DEBUG=1",
					"$(inherited)",
				);
				GCC_WARN_64_TO_32_BIT_CONVERSION = YES;
				GCC_WARN_ABOUT_RETURN_TYPE = YES_ERROR;
				GCC_WARN_UNDECLARED_SELECTOR = YES;
				GCC_WARN_UNINITIALIZED_AUTOS = YES_AGGRESSIVE;
				GCC_WARN_UNUSED_FUNCTION = YES;
				GCC_WARN_UNUSED_VARIABLE = YES;
				IPHONEOS_DEPLOYMENT_TARGET = 18.1;
				LOCALIZATION_PREFERS_STRING_CATALOGS = YES;
				MTL_ENABLE_DEBUG_INFO = INCLUDE_SOURCE;
				MTL_FAST_MATH = YES;
				ONLY_ACTIVE_ARCH = YES;
				SDKROOT = iphoneos;
				SWIFT_ACTIVE_COMPILATION_CONDITIONS = "DEBUG $(inherited)";
				SWIFT_OPTIMIZATION_LEVEL = "-Onone";
			};
			name = Debug;
		};
		3AA8BF682CE5D87E00B61608 /* Release */ = {
			isa = XCBuildConfiguration;
			buildSettings = {
				ALWAYS_SEARCH_USER_PATHS = NO;
				ASSETCATALOG_COMPILER_GENERATE_SWIFT_ASSET_SYMBOL_EXTENSIONS = YES;
				CLANG_ANALYZER_NONNULL = YES;
				CLANG_ANALYZER_NUMBER_OBJECT_CONVERSION = YES_AGGRESSIVE;
				CLANG_CXX_LANGUAGE_STANDARD = "gnu++20";
				CLANG_ENABLE_MODULES = YES;
				CLANG_ENABLE_OBJC_ARC = YES;
				CLANG_ENABLE_OBJC_WEAK = YES;
				CLANG_WARN_BLOCK_CAPTURE_AUTORELEASING = YES;
				CLANG_WARN_BOOL_CONVERSION = YES;
				CLANG_WARN_COMMA = YES;
				CLANG_WARN_CONSTANT_CONVERSION = YES;
				CLANG_WARN_DEPRECATED_OBJC_IMPLEMENTATIONS = YES;
				CLANG_WARN_DIRECT_OBJC_ISA_USAGE = YES_ERROR;
				CLANG_WARN_DOCUMENTATION_COMMENTS = YES;
				CLANG_WARN_EMPTY_BODY = YES;
				CLANG_WARN_ENUM_CONVERSION = YES;
				CLANG_WARN_INFINITE_RECURSION = YES;
				CLANG_WARN_INT_CONVERSION = YES;
				CLANG_WARN_NON_LITERAL_NULL_CONVERSION = YES;
				CLANG_WARN_OBJC_IMPLICIT_RETAIN_SELF = YES;
				CLANG_WARN_OBJC_LITERAL_CONVERSION = YES;
				CLANG_WARN_OBJC_ROOT_CLASS = YES_ERROR;
				CLANG_WARN_QUOTED_INCLUDE_IN_FRAMEWORK_HEADER = YES;
				CLANG_WARN_RANGE_LOOP_ANALYSIS = YES;
				CLANG_WARN_STRICT_PROTOTYPES = YES;
				CLANG_WARN_SUSPICIOUS_MOVE = YES;
				CLANG_WARN_UNGUARDED_AVAILABILITY = YES_AGGRESSIVE;
				CLANG_WARN_UNREACHABLE_CODE = YES;
				CLANG_WARN__DUPLICATE_METHOD_MATCH = YES;
				COPY_PHASE_STRIP = NO;
				DEBUG_INFORMATION_FORMAT = "dwarf-with-dsym";
				ENABLE_NS_ASSERTIONS = NO;
				ENABLE_STRICT_OBJC_MSGSEND = YES;
				ENABLE_USER_SCRIPT_SANDBOXING = YES;
				GCC_C_LANGUAGE_STANDARD = gnu17;
				GCC_NO_COMMON_BLOCKS = YES;
				GCC_WARN_64_TO_32_BIT_CONVERSION = YES;
				GCC_WARN_ABOUT_RETURN_TYPE = YES_ERROR;
				GCC_WARN_UNDECLARED_SELECTOR = YES;
				GCC_WARN_UNINITIALIZED_AUTOS = YES_AGGRESSIVE;
				GCC_WARN_UNUSED_FUNCTION = YES;
				GCC_WARN_UNUSED_VARIABLE = YES;
				IPHONEOS_DEPLOYMENT_TARGET = 18.1;
				LOCALIZATION_PREFERS_STRING_CATALOGS = YES;
				MTL_ENABLE_DEBUG_INFO = NO;
				MTL_FAST_MATH = YES;
				SDKROOT = iphoneos;
				SWIFT_COMPILATION_MODE = wholemodule;
				VALIDATE_PRODUCT = YES;
			};
			name = Release;
		};
		3AA8BF6A2CE5D87E00B61608 /* Debug */ = {
			isa = XCBuildConfiguration;
			buildSettings = {
				BUNDLE_LOADER = "$(TEST_HOST)";
				CODE_SIGN_STYLE = Automatic;
				CURRENT_PROJECT_VERSION = 1;
				GENERATE_INFOPLIST_FILE = YES;
				IPHONEOS_DEPLOYMENT_TARGET = 18.1;
				MARKETING_VERSION = 1.0;
				PRODUCT_BUNDLE_IDENTIFIER = com.example.JustNewsTests;
				PRODUCT_NAME = "$(TARGET_NAME)";
				SWIFT_EMIT_LOC_STRINGS = NO;
				SWIFT_VERSION = 5.0;
				TARGETED_DEVICE_FAMILY = "1,2";
				TEST_HOST = "$(BUILT_PRODUCTS_DIR)/JustNews.app/$(BUNDLE_EXECUTABLE_FOLDER_PATH)/JustNews";
			};
			name = Debug;
		};
		3AA8BF6B2CE5D87E00B61608 /* Release */ = {
			isa = XCBuildConfiguration;
			buildSettings = {
				BUNDLE_LOADER = "$(TEST_HOST)";
				CODE_SIGN_STYLE = Automatic;
				CURRENT_PROJECT_VERSION = 1;
				GENERATE_INFOPLIST_FILE = YES;
				IPHONEOS_DEPLOYMENT_TARGET = 18.1;
				MARKETING_VERSION = 1.0;
				PRODUCT_BUNDLE_IDENTIFIER = com.example.JustNewsTests;
				PRODUCT_NAME = "$(TARGET_NAME)";
				SWIFT_EMIT_LOC_STRINGS = NO;
				SWIFT_VERSION = 5.0;
				TARGETED_DEVICE_FAMILY = "1,2";
				TEST_HOST = "$(BUILT_PRODUCTS_DIR)/JustNews.app/$(BUNDLE_EXECUTABLE_FOLDER_PATH)/JustNews";
			};
			name = Release;
		};
		3AA8BF6D2CE5D87E00B61608 /* Debug */ = {
			isa = XCBuildConfiguration;
			buildSettings = {
				CODE_SIGN_STYLE = Automatic;
				CURRENT_PROJECT_VERSION = 1;
				GENERATE_INFOPLIST_FILE = YES;
				MARKETING_VERSION = 1.0;
				PRODUCT_BUNDLE_IDENTIFIER = com.example.JustNewsUITests;
				PRODUCT_NAME = "$(TARGET_NAME)";
				SWIFT_EMIT_LOC_STRINGS = NO;
				SWIFT_VERSION = 5.0;
				TARGETED_DEVICE_FAMILY = "1,2";
				TEST_TARGET_NAME = JustNews;
			};
			name = Debug;
		};
		3AA8BF6E2CE5D87E00B61608 /* Release */ = {
			isa = XCBuildConfiguration;
			buildSettings = {
				CODE_SIGN_STYLE = Automatic;
				CURRENT_PROJECT_VERSION = 1;
				GENERATE_INFOPLIST_FILE = YES;
				MARKETING_VERSION = 1.0;
				PRODUCT_BUNDLE_IDENTIFIER = com.example.JustNewsUITests;
				PRODUCT_NAME = "$(TARGET_NAME)";
				SWIFT_EMIT_LOC_STRINGS = NO;
				SWIFT_VERSION = 5.0;
				TARGETED_DEVICE_FAMILY = "1,2";
				TEST_TARGET_NAME = JustNews;
			};
			name = Release;
		};
/* End XCBuildConfiguration section */

/* Begin XCConfigurationList section */
		3AA8BF362CE5D87C00B61608 /* Build configuration list for PBXProject "JustNews" */ = {
			isa = XCConfigurationList;
			buildConfigurations = (
				3AA8BF672CE5D87E00B61608 /* Debug */,
				3AA8BF682CE5D87E00B61608 /* Release */,
			);
			defaultConfigurationIsVisible = 0;
			defaultConfigurationName = Release;
		};
		3AA8BF642CE5D87E00B61608 /* Build configuration list for PBXNativeTarget "JustNews" */ = {
			isa = XCConfigurationList;
			buildConfigurations = (
				3AA8BF652CE5D87E00B61608 /* Debug */,
				3AA8BF662CE5D87E00B61608 /* Release */,
			);
			defaultConfigurationIsVisible = 0;
			defaultConfigurationName = Release;
		};
		3AA8BF692CE5D87E00B61608 /* Build configuration list for PBXNativeTarget "JustNewsTests" */ = {
			isa = XCConfigurationList;
			buildConfigurations = (
				3AA8BF6A2CE5D87E00B61608 /* Debug */,
				3AA8BF6B2CE5D87E00B61608 /* Release */,
			);
			defaultConfigurationIsVisible = 0;
			defaultConfigurationName = Release;
		};
		3AA8BF6C2CE5D87E00B61608 /* Build configuration list for PBXNativeTarget "JustNewsUITests" */ = {
			isa = XCConfigurationList;
			buildConfigurations = (
				3AA8BF6D2CE5D87E00B61608 /* Debug */,
				3AA8BF6E2CE5D87E00B61608 /* Release */,
			);
			defaultConfigurationIsVisible = 0;
			defaultConfigurationName = Release;
		};
/* End XCConfigurationList section */

/* Begin XCRemoteSwiftPackageReference section */
		3AA8BF732CE5D9B300B61608 /* XCRemoteSwiftPackageReference "SDWebImage" */ = {
			isa = XCRemoteSwiftPackageReference;
			repositoryURL = "https://github.com/SDWebImage/SDWebImage.git";
			requirement = {
				kind = upToNextMajorVersion;
				minimumVersion = 5.20.0;
			};
		};
/* End XCRemoteSwiftPackageReference section */

/* Begin XCSwiftPackageProductDependency section */
		3AA8BF742CE5D9B300B61608 /* SDWebImage */ = {
			isa = XCSwiftPackageProductDependency;
			package = 3AA8BF732CE5D9B300B61608 /* XCRemoteSwiftPackageReference "SDWebImage" */;
			productName = SDWebImage;
		};
/* End XCSwiftPackageProductDependency section */
	};
	rootObject = 3AA8BF332CE5D87C00B61608 /* Project object */;
}
